Microsoft Visual Studio Solution File, Format Version 10.00
# Visual Studio 2008
Project("{8BC9CEB8-8B4A-11D0-8D11-00A0C91BC942}") = "Syser", "Syser.vcproj", "{7252580C-EB1A-41A1-AAC9-0F8464B6354B}"
EndProject
Project("{8BC9CEB8-8B4A-11D0-8D11-00A0C91BC942}") = "Code", "..\..\Code\WinXPDrv32\Code.vcproj", "{651091F4-30CA-4134-91EF-88FB5F4D7477}"
EndProject
Project("{8BC9CEB8-8B4A-11D0-8D11-00A0C91BC942}") = "Wisp", "..\..\Wisp\WinXPDrv32\Wisp.vcproj", "{351A08EC-318C-460A-9B79-3ECCF444ACA1}"
EndProject
Project("{8BC9CEB8-8B4A-11D0-8D11-00A0C91BC942}") = "EXEAnalyzer", "..\..\EXEAnalyzer\WinXPDrv32\EXEAnalyzer.vcproj", "{75EBA530-480B-4CB3-A1A5-5887AE6C0252}"
EndProject
Global
	GlobalSection(SolutionConfigurationPlatforms) = preSolution
		Debug|Win32 = Debug|Win32
		Release|Win32 = Release|Win32
		Trial|Win32 = Trial|Win32
	EndGlobalSection
	GlobalSection(ProjectConfigurationPlatforms) = postSolution
		{7252580C-EB1A-41A1-AAC9-0F8464B6354B}.Debug|Win32.ActiveCfg = Debug|Win32
		{7252580C-EB1A-41A1-AAC9-0F8464B6354B}.Debug|Win32.Build.0 = Debug|Win32
		{7252580C-EB1A-41A1-AAC9-0F8464B6354B}.Release|Win32.ActiveCfg = Release|Win32
		{7252580C-EB1A-41A1-AAC9-0F8464B6354B}.Release|Win32.Build.0 = Release|Win32
		{7252580C-EB1A-41A1-AAC9-0F8464B6354B}.Trial|Win32.ActiveCfg = Trial|Win32
		{7252580C-EB1A-41A1-AAC9-0F8464B6354B}.Trial|Win32.Build.0 = Trial|Win32
		{651091F4-30CA-4134-91EF-88FB5F4D7477}.Debug|Win32.ActiveCfg = Debug|Win32
		{651091F4-30CA-4134-91EF-88FB5F4D7477}.Debug|Win32.Build.0 = Debug|Win32
		{651091F4-30CA-4134-91EF-88FB5F4D7477}.Release|Win32.ActiveCfg = Release|Win32
		{651091F4-30CA-4134-91EF-88FB5F4D7477}.Release|Win32.Build.0 = Release|Win32
		{651091F4-30CA-4134-91EF-88FB5F4D7477}.Trial|Win32.ActiveCfg = Trial|Win32
		{651091F4-30CA-4134-91EF-88FB5F4D7477}.Trial|Win32.Build.0 = Trial|Win32
		{351A08EC-318C-460A-9B79-3ECCF444ACA1}.Debug|Win32.ActiveCfg = Debug|Win32
		{351A08EC-318C-460A-9B79-3ECCF444ACA1}.Debug|Win32.Build.0 = Debug|Win32
		{351A08EC-318C-460A-9B79-3ECCF444ACA1}.Release|Win32.ActiveCfg = Release|Win32
		{351A08EC-318C-460A-9B79-3ECCF444ACA1}.Release|Win32.Build.0 = Release|Win32
		{351A08EC-318C-460A-9B79-3ECCF444ACA1}.Trial|Win32.ActiveCfg = Trial|Win32
		{351A08EC-318C-460A-9B79-3ECCF444ACA1}.Trial|Win32.Build.0 = Trial|Win32
		{75EBA530-480B-4CB3-A1A5-5887AE6C0252}.Debug|Win32.ActiveCfg = Debug|Win32
		{75EBA530-480B-4CB3-A1A5-5887AE6C0252}.Debug|Win32.Build.0 = Debug|Win32
		{75EBA530-480B-4CB3-A1A5-5887AE6C0252}.Release|Win32.ActiveCfg = Release|Win32
		{75EBA530-480B-4CB3-A1A5-5887AE6C0252}.Release|Win32.Build.0 = Release|Win32
		{75EBA530-480B-4CB3-A1A5-5887AE6C0252}.Trial|Win32.ActiveCfg = Trial|Win32
		{75EBA530-480B-4CB3-A1A5-5887AE6C0252}.Trial|Win32.Build.0 = Trial|Win32
	EndGlobalSection
	GlobalSection(SolutionProperties) = preSolution
		HideSolutionNode = FALSE
	EndGlobalSection
EndGlobal
