Microsoft Visual Studio Solution File, Format Version 8.00
Project("{8BC9CEB8-8B4A-11D0-8D11-00A0C91BC942}") = "Wisp", "Wisp.vcproj", "{D3A470E1-DBD8-4CCB-BBB4-46842D343F84}"
	ProjectSection(ProjectDependencies) = postProject
	EndProjectSection
EndProject
Global
	GlobalSection(SolutionConfiguration) = preSolution
		Debug = Debug
		Release = Release
	EndGlobalSection
	GlobalSection(ProjectConfiguration) = postSolution
		{D3A470E1-DBD8-4CCB-BBB4-46842D343F84}.Debug.ActiveCfg = Debug|Win32
		{D3A470E1-DBD8-4CCB-BBB4-46842D343F84}.Debug.Build.0 = Debug|Win32
		{D3A470E1-DBD8-4CCB-BBB4-46842D343F84}.Release.ActiveCfg = Release|Win32
		{D3A470E1-DBD8-4CCB-BBB4-46842D343F84}.Release.Build.0 = Release|Win32
	EndGlobalSection
	GlobalSection(ExtensibilityGlobals) = postSolution
	EndGlobalSection
	GlobalSection(ExtensibilityAddIns) = postSolution
	EndGlobalSection
EndGlobal
