Microsoft Visual Studio Solution File, Format Version 9.00
# Visual Studio 2005
Project("{8BC9CEB8-8B4A-11D0-8D11-00A0C91BC942}") = "CodeTest", "CodeTest.vcproj", "{A63EC8C0-0571-4002-A1C4-BC4B00EDF3F2}"
	ProjectSection(ProjectDependencies) = postProject
		{E50360C3-A8D9-4582-A0B8-0F8F88467113} = {E50360C3-A8D9-4582-A0B8-0F8F88467113}
	EndProjectSection
EndProject
Project("{8BC9CEB8-8B4A-11D0-8D11-00A0C91BC942}") = "Code", "Code.vcproj", "{E50360C3-A8D9-4582-A0B8-0F8F88467113}"
EndProject
Global
	GlobalSection(SolutionConfigurationPlatforms) = preSolution
		Debug|Win32 = Debug|Win32
		Release|Win32 = Release|Win32
		Trial|Win32 = Trial|Win32
	EndGlobalSection
	GlobalSection(ProjectConfigurationPlatforms) = postSolution
		{A63EC8C0-0571-4002-A1C4-BC4B00EDF3F2}.Debug|Win32.ActiveCfg = Debug|Win32
		{A63EC8C0-0571-4002-A1C4-BC4B00EDF3F2}.Debug|Win32.Build.0 = Debug|Win32
		{A63EC8C0-0571-4002-A1C4-BC4B00EDF3F2}.Release|Win32.ActiveCfg = Release|Win32
		{A63EC8C0-0571-4002-A1C4-BC4B00EDF3F2}.Release|Win32.Build.0 = Release|Win32
		{A63EC8C0-0571-4002-A1C4-BC4B00EDF3F2}.Trial|Win32.ActiveCfg = Release|Win32
		{A63EC8C0-0571-4002-A1C4-BC4B00EDF3F2}.Trial|Win32.Build.0 = Release|Win32
		{E50360C3-A8D9-4582-A0B8-0F8F88467113}.Debug|Win32.ActiveCfg = Debug|Win32
		{E50360C3-A8D9-4582-A0B8-0F8F88467113}.Debug|Win32.Build.0 = Debug|Win32
		{E50360C3-A8D9-4582-A0B8-0F8F88467113}.Release|Win32.ActiveCfg = Release|Win32
		{E50360C3-A8D9-4582-A0B8-0F8F88467113}.Release|Win32.Build.0 = Release|Win32
		{E50360C3-A8D9-4582-A0B8-0F8F88467113}.Trial|Win32.ActiveCfg = Trial|Win32
		{E50360C3-A8D9-4582-A0B8-0F8F88467113}.Trial|Win32.Build.0 = Trial|Win32
	EndGlobalSection
	GlobalSection(SolutionProperties) = preSolution
		HideSolutionNode = FALSE
	EndGlobalSection
EndGlobal
